
Microsoft Visual Studio Solution File, Format Version 12.00
# Visual Studio Version 17
VisualStudioVersion = 17.5.002.0
MinimumVisualStudioVersion = 10.0.40219.1
Project("{9A19103F-16F7-4668-BE54-9A1E7A4F7556}") = "Chess", "Chess\Chess.csproj", "{03104650-9044-403C-A8FF-F54133A1ADDF}"
EndProject
Global
	GlobalSection(SolutionConfigurationPlatforms) = preSolution
		Debug|Any CPU = Debug|Any CPU
		Release|Any CPU = Release|Any CPU
	EndGlobalSection
	GlobalSection(ProjectConfigurationPlatforms) = postSolution
		{03104650-9044-403C-A8FF-F54133A1ADDF}.Debug|Any CPU.ActiveCfg = Debug|Any CPU
		{03104650-9044-403C-A8FF-F54133A1ADDF}.Debug|Any CPU.Build.0 = Debug|Any CPU
		{03104650-9044-403C-A8FF-F54133A1ADDF}.Release|Any CPU.ActiveCfg = Release|Any CPU
		{03104650-9044-403C-A8FF-F54133A1ADDF}.Release|Any CPU.Build.0 = Release|Any CPU
	EndGlobalSection
	GlobalSection(SolutionProperties) = preSolution
		HideSolutionNode = FALSE
	EndGlobalSection
	GlobalSection(ExtensibilityGlobals) = postSolution
		SolutionGuid = {ABAE4BC0-CDE6-48A4-B085-EF7022009B00}
	EndGlobalSection
EndGlobal
